
Microsoft Visual Studio Solution File, Format Version 12.00
# Visual Studio 15
VisualStudioVersion = 15.0.27130.2036
MinimumVisualStudioVersion = 10.0.40219.1
Project("{FAE04EC0-301F-11D3-BF4B-00C04F79EFBC}") = "ParallelForEach", "ParallelForEach\ParallelForEach.csproj", "{07495957-D062-4430-8D62-FDC824284DEB}"
EndProject
Global
	GlobalSection(SolutionConfigurationPlatforms) = preSolution
		Debug|Any CPU = Debug|Any CPU
		Release|Any CPU = Release|Any CPU
	EndGlobalSection
	GlobalSection(ProjectConfigurationPlatforms) = postSolution
		{07495957-D062-4430-8D62-FDC824284DEB}.Debug|Any CPU.ActiveCfg = Debug|Any CPU
		{07495957-D062-4430-8D62-FDC824284DEB}.Debug|Any CPU.Build.0 = Debug|Any CPU
		{07495957-D062-4430-8D62-FDC824284DEB}.Release|Any CPU.ActiveCfg = Release|Any CPU
		{07495957-D062-4430-8D62-FDC824284DEB}.Release|Any CPU.Build.0 = Release|Any CPU
	EndGlobalSection
	GlobalSection(SolutionProperties) = preSolution
		HideSolutionNode = FALSE
	EndGlobalSection
	GlobalSection(ExtensibilityGlobals) = postSolution
		SolutionGuid = {F9BA432E-D381-4DEE-A970-3A50869F620F}
	EndGlobalSection
EndGlobal
